
Microsoft Visual Studio Solution File, Format Version 12.00
# Visual Studio Version 17
VisualStudioVersion = 17.3.32811.315
MinimumVisualStudioVersion = 10.0.40219.1
Project("{9A19103F-16F7-4668-BE54-9A1E7A4F7556}") = "RegularScript.Ui", "RegularScript.Ui\RegularScript.Ui.csproj", "{EBFA8512-1EA5-4D8C-B4AC-AB5B48A6D568}"
EndProject
Project("{9A19103F-16F7-4668-BE54-9A1E7A4F7556}") = "RegularScript.Ui.Desktop", "RegularScript.Ui.Desktop\RegularScript.Ui.Desktop.csproj", "{ABC31E74-02FF-46EB-B3B2-4E6AE43B456C}"
EndProject
Project("{9A19103F-16F7-4668-BE54-9A1E7A4F7556}") = "RegularScript.Ui.Browser", "RegularScript.Ui.Browser\RegularScript.Ui.Browser.csproj", "{1C1A049E-235C-4CD0-B6FA-D53AC418F4DA}"
EndProject
Project("{9A19103F-16F7-4668-BE54-9A1E7A4F7556}") = "RegularScript.Ui.iOS", "RegularScript.Ui.iOS\RegularScript.Ui.iOS.csproj", "{EBD9022F-BC83-4846-9A11-6F7F3772DC64}"
EndProject
Project("{9A19103F-16F7-4668-BE54-9A1E7A4F7556}") = "RegularScript.Ui.Android", "RegularScript.Ui.Android\RegularScript.Ui.Android.csproj", "{7AD1DAC8-7FBE-49D5-8614-7321233DB82E}"
EndProject
Project("{2150E333-8FDC-42A3-9474-1A3956D46DE8}") = "Solution Items", "Solution Items", "{3DA99C4E-89E3-4049-9C22-0A7EC60D83D8}"
	ProjectSection(SolutionItems) = preProject
		Directory.Build.props = Directory.Build.props
	EndProjectSection
EndProject
Project("{FAE04EC0-301F-11D3-BF4B-00C04F79EFBC}") = "RegularScript.Service", "RegularScript.Service\RegularScript.Service.csproj", "{3C2E9DED-AD30-491F-99D5-BFCC559949DA}"
EndProject
Project("{FAE04EC0-301F-11D3-BF4B-00C04F79EFBC}") = "RegularScript.Db", "RegularScript.Db\RegularScript.Db.csproj", "{213E1494-FAE9-4EC5-9A59-2F174CDB9B17}"
EndProject
Project("{FAE04EC0-301F-11D3-BF4B-00C04F79EFBC}") = "RegularScript.Db.PostgreSql", "RegularScript.Db.PostgreSql\RegularScript.Db.PostgreSql.csproj", "{FE97CC83-D305-49C7-B61A-7ABEF1FC6568}"
EndProject
Project("{FAE04EC0-301F-11D3-BF4B-00C04F79EFBC}") = "RegularScript.Helper", "RegularScript.Helper\RegularScript.Helper.csproj", "{BB64D333-412D-4EC5-9CFF-0DF43D83B3A3}"
EndProject
Project("{FAE04EC0-301F-11D3-BF4B-00C04F79EFBC}") = "RegularScript.Core", "RegularScript.Core\RegularScript.Core.csproj", "{0A6BC3C9-85F9-4B45-82EA-9D7DA0E6D0D3}"
EndProject
Project("{FAE04EC0-301F-11D3-BF4B-00C04F79EFBC}") = "RegularScript.Db.PostgreSql.MigrationHelper", "RegularScript.Db.PostgreSql.MigrationHelper\RegularScript.Db.PostgreSql.MigrationHelper.csproj", "{BF995BFA-E354-41B9-A348-BEFDB4ED5641}"
EndProject
Project("{9A19103F-16F7-4668-BE54-9A1E7A4F7556}") = "_build", "..\build\_build.csproj", "{0735701D-F7AB-455C-BDA9-899477ABF2FA}"
EndProject
Global
	GlobalSection(SolutionConfigurationPlatforms) = preSolution
		Debug|Any CPU = Debug|Any CPU
		Release|Any CPU = Release|Any CPU
	EndGlobalSection
	GlobalSection(ProjectConfigurationPlatforms) = postSolution
		{0735701D-F7AB-455C-BDA9-899477ABF2FA}.Debug|Any CPU.ActiveCfg = Debug|Any CPU
		{0735701D-F7AB-455C-BDA9-899477ABF2FA}.Release|Any CPU.ActiveCfg = Release|Any CPU
		{EBFA8512-1EA5-4D8C-B4AC-AB5B48A6D568}.Debug|Any CPU.ActiveCfg = Debug|Any CPU
		{EBFA8512-1EA5-4D8C-B4AC-AB5B48A6D568}.Debug|Any CPU.Build.0 = Debug|Any CPU
		{EBFA8512-1EA5-4D8C-B4AC-AB5B48A6D568}.Release|Any CPU.ActiveCfg = Release|Any CPU
		{EBFA8512-1EA5-4D8C-B4AC-AB5B48A6D568}.Release|Any CPU.Build.0 = Release|Any CPU
		{ABC31E74-02FF-46EB-B3B2-4E6AE43B456C}.Debug|Any CPU.ActiveCfg = Debug|Any CPU
		{ABC31E74-02FF-46EB-B3B2-4E6AE43B456C}.Debug|Any CPU.Build.0 = Debug|Any CPU
		{ABC31E74-02FF-46EB-B3B2-4E6AE43B456C}.Release|Any CPU.ActiveCfg = Release|Any CPU
		{ABC31E74-02FF-46EB-B3B2-4E6AE43B456C}.Release|Any CPU.Build.0 = Release|Any CPU
		{1C1A049E-235C-4CD0-B6FA-D53AC418F4DA}.Debug|Any CPU.ActiveCfg = Debug|Any CPU
		{1C1A049E-235C-4CD0-B6FA-D53AC418F4DA}.Debug|Any CPU.Build.0 = Debug|Any CPU
		{1C1A049E-235C-4CD0-B6FA-D53AC418F4DA}.Release|Any CPU.ActiveCfg = Release|Any CPU
		{1C1A049E-235C-4CD0-B6FA-D53AC418F4DA}.Release|Any CPU.Build.0 = Release|Any CPU
		{EBD9022F-BC83-4846-9A11-6F7F3772DC64}.Debug|Any CPU.ActiveCfg = Debug|Any CPU
		{EBD9022F-BC83-4846-9A11-6F7F3772DC64}.Release|Any CPU.ActiveCfg = Release|Any CPU
		{EBD9022F-BC83-4846-9A11-6F7F3772DC64}.Release|Any CPU.Build.0 = Release|Any CPU
		{7AD1DAC8-7FBE-49D5-8614-7321233DB82E}.Debug|Any CPU.ActiveCfg = Debug|Any CPU
		{7AD1DAC8-7FBE-49D5-8614-7321233DB82E}.Release|Any CPU.ActiveCfg = Release|Any CPU
		{7AD1DAC8-7FBE-49D5-8614-7321233DB82E}.Release|Any CPU.Build.0 = Release|Any CPU
		{3C2E9DED-AD30-491F-99D5-BFCC559949DA}.Debug|Any CPU.ActiveCfg = Debug|Any CPU
		{3C2E9DED-AD30-491F-99D5-BFCC559949DA}.Debug|Any CPU.Build.0 = Debug|Any CPU
		{3C2E9DED-AD30-491F-99D5-BFCC559949DA}.Release|Any CPU.ActiveCfg = Release|Any CPU
		{3C2E9DED-AD30-491F-99D5-BFCC559949DA}.Release|Any CPU.Build.0 = Release|Any CPU
		{213E1494-FAE9-4EC5-9A59-2F174CDB9B17}.Debug|Any CPU.ActiveCfg = Debug|Any CPU
		{213E1494-FAE9-4EC5-9A59-2F174CDB9B17}.Debug|Any CPU.Build.0 = Debug|Any CPU
		{213E1494-FAE9-4EC5-9A59-2F174CDB9B17}.Release|Any CPU.ActiveCfg = Release|Any CPU
		{213E1494-FAE9-4EC5-9A59-2F174CDB9B17}.Release|Any CPU.Build.0 = Release|Any CPU
		{FE97CC83-D305-49C7-B61A-7ABEF1FC6568}.Debug|Any CPU.ActiveCfg = Debug|Any CPU
		{FE97CC83-D305-49C7-B61A-7ABEF1FC6568}.Debug|Any CPU.Build.0 = Debug|Any CPU
		{FE97CC83-D305-49C7-B61A-7ABEF1FC6568}.Release|Any CPU.ActiveCfg = Release|Any CPU
		{FE97CC83-D305-49C7-B61A-7ABEF1FC6568}.Release|Any CPU.Build.0 = Release|Any CPU
		{BB64D333-412D-4EC5-9CFF-0DF43D83B3A3}.Debug|Any CPU.ActiveCfg = Debug|Any CPU
		{BB64D333-412D-4EC5-9CFF-0DF43D83B3A3}.Debug|Any CPU.Build.0 = Debug|Any CPU
		{BB64D333-412D-4EC5-9CFF-0DF43D83B3A3}.Release|Any CPU.ActiveCfg = Release|Any CPU
		{BB64D333-412D-4EC5-9CFF-0DF43D83B3A3}.Release|Any CPU.Build.0 = Release|Any CPU
		{0A6BC3C9-85F9-4B45-82EA-9D7DA0E6D0D3}.Debug|Any CPU.ActiveCfg = Debug|Any CPU
		{0A6BC3C9-85F9-4B45-82EA-9D7DA0E6D0D3}.Debug|Any CPU.Build.0 = Debug|Any CPU
		{0A6BC3C9-85F9-4B45-82EA-9D7DA0E6D0D3}.Release|Any CPU.ActiveCfg = Release|Any CPU
		{0A6BC3C9-85F9-4B45-82EA-9D7DA0E6D0D3}.Release|Any CPU.Build.0 = Release|Any CPU
		{BF995BFA-E354-41B9-A348-BEFDB4ED5641}.Debug|Any CPU.ActiveCfg = Debug|Any CPU
		{BF995BFA-E354-41B9-A348-BEFDB4ED5641}.Debug|Any CPU.Build.0 = Debug|Any CPU
		{BF995BFA-E354-41B9-A348-BEFDB4ED5641}.Release|Any CPU.ActiveCfg = Release|Any CPU
		{BF995BFA-E354-41B9-A348-BEFDB4ED5641}.Release|Any CPU.Build.0 = Release|Any CPU
	EndGlobalSection
	GlobalSection(SolutionProperties) = preSolution
		HideSolutionNode = FALSE
	EndGlobalSection
	GlobalSection(ExtensibilityGlobals) = postSolution
		SolutionGuid = {83CB65B8-011F-4ED7-BCD3-A6CFA935EF7E}
	EndGlobalSection
	GlobalSection(NestedProjects) = preSolution
	EndGlobalSection
EndGlobal
